
Microsoft Visual Studio Solution File, Format Version 12.00
# Visual Studio Version 17
VisualStudioVersion = 17.5.002.0
MinimumVisualStudioVersion = 10.0.40219.1
Project("{2150E333-8FDC-42A3-9474-1A3956D46DE8}") = "sandbox", "sandbox", "{BF928F08-CB60-41F8-A289-ACF17B8B71BA}"
EndProject
Project("{9A19103F-16F7-4668-BE54-9A1E7A4F7556}") = "sandbox_project", "sandbox\sandbox_project\sandbox_project.csproj", "{D2569103-5CCD-4BCC-8B5B-D9F4E6C1BA1D}"
EndProject
Project("{2150E333-8FDC-42A3-9474-1A3956D46DE8}") = "week01", "week01", "{A8A27082-CF4E-4C5F-BBF6-BF2D9A228FF6}"
EndProject
Project("{9A19103F-16F7-4668-BE54-9A1E7A4F7556}") = "analyze", "week01\analyze\analyze.csproj", "{6F2A915B-6325-44FD-82FC-FB09C36E61BF}"
EndProject
Project("{9A19103F-16F7-4668-BE54-9A1E7A4F7556}") = "code", "week01\code\code.csproj", "{41E15363-12D0-4BF3-9E19-9ABAE047E61A}"
EndProject
Project("{9A19103F-16F7-4668-BE54-9A1E7A4F7556}") = "teach", "week01\teach\teach.csproj", "{73D62557-10A8-4D5C-B6C7-06FF1384EC04}"
EndProject
Project("{2150E333-8FDC-42A3-9474-1A3956D46DE8}") = "week02", "week02", "{5630CE7A-4000-4D30-8357-0E29027CA4C9}"
EndProject
Project("{9A19103F-16F7-4668-BE54-9A1E7A4F7556}") = "analyze", "week02\analyze\analyze.csproj", "{0C7F6A19-35FC-4117-B1EC-74630ED60769}"
EndProject
Project("{9A19103F-16F7-4668-BE54-9A1E7A4F7556}") = "code", "week02\code\code.csproj", "{E9923A5F-372A-49B4-AA36-214837A4FAC6}"
EndProject
Project("{9A19103F-16F7-4668-BE54-9A1E7A4F7556}") = "learn", "week02\learn\learn.csproj", "{C4EBD756-BF0F-4862-9BB4-36A50CF47851}"
EndProject
Project("{9A19103F-16F7-4668-BE54-9A1E7A4F7556}") = "teach", "week02\teach\teach.csproj", "{CF93419F-01A0-4E3C-9F21-8DDD06C24DF9}"
EndProject
Project("{2150E333-8FDC-42A3-9474-1A3956D46DE8}") = "week03", "week03", "{91E436CC-3801-4E87-B107-7C1704A5D178}"
EndProject
Project("{9A19103F-16F7-4668-BE54-9A1E7A4F7556}") = "code", "week03\code\code.csproj", "{2D35D7EB-9151-404E-94C9-D47F7FE05460}"
EndProject
Project("{9A19103F-16F7-4668-BE54-9A1E7A4F7556}") = "learn", "week03\learn\learn.csproj", "{01CFE0FD-A242-4CDD-BDBB-2A9E11559E46}"
EndProject
Project("{9A19103F-16F7-4668-BE54-9A1E7A4F7556}") = "teach", "week03\teach\teach.csproj", "{D18F7C41-66ED-4CDB-A7CE-EAB2C982885A}"
EndProject
Project("{2150E333-8FDC-42A3-9474-1A3956D46DE8}") = "week04", "week04", "{84A77EC9-F016-4D30-8B46-6265A2486EB2}"
EndProject
Project("{9A19103F-16F7-4668-BE54-9A1E7A4F7556}") = "code", "week04\code\code.csproj", "{E38B92CE-D8EB-44C1-8F8E-FA5816F31B09}"
EndProject
Project("{2150E333-8FDC-42A3-9474-1A3956D46DE8}") = "week05", "week05", "{93967D56-2CEE-4236-9486-7D04DE932451}"
EndProject
Project("{9A19103F-16F7-4668-BE54-9A1E7A4F7556}") = "code", "week05\code\code.csproj", "{B6B13688-B673-4CD5-83F8-CD1478D35B91}"
EndProject
Project("{2150E333-8FDC-42A3-9474-1A3956D46DE8}") = "week06", "week06", "{3B5592E6-96A9-4A24-8932-10E7A1A1A070}"
EndProject
Project("{9A19103F-16F7-4668-BE54-9A1E7A4F7556}") = "code", "week06\code\code.csproj", "{39ECF68F-4184-4D9F-BB15-A6FB7889986F}"
EndProject
Global
	GlobalSection(SolutionConfigurationPlatforms) = preSolution
		Debug|Any CPU = Debug|Any CPU
		Release|Any CPU = Release|Any CPU
	EndGlobalSection
	GlobalSection(ProjectConfigurationPlatforms) = postSolution
		{D2569103-5CCD-4BCC-8B5B-D9F4E6C1BA1D}.Debug|Any CPU.ActiveCfg = Debug|Any CPU
		{D2569103-5CCD-4BCC-8B5B-D9F4E6C1BA1D}.Debug|Any CPU.Build.0 = Debug|Any CPU
		{D2569103-5CCD-4BCC-8B5B-D9F4E6C1BA1D}.Release|Any CPU.ActiveCfg = Release|Any CPU
		{D2569103-5CCD-4BCC-8B5B-D9F4E6C1BA1D}.Release|Any CPU.Build.0 = Release|Any CPU
		{6F2A915B-6325-44FD-82FC-FB09C36E61BF}.Debug|Any CPU.ActiveCfg = Debug|Any CPU
		{6F2A915B-6325-44FD-82FC-FB09C36E61BF}.Debug|Any CPU.Build.0 = Debug|Any CPU
		{6F2A915B-6325-44FD-82FC-FB09C36E61BF}.Release|Any CPU.ActiveCfg = Release|Any CPU
		{6F2A915B-6325-44FD-82FC-FB09C36E61BF}.Release|Any CPU.Build.0 = Release|Any CPU
		{41E15363-12D0-4BF3-9E19-9ABAE047E61A}.Debug|Any CPU.ActiveCfg = Debug|Any CPU
		{41E15363-12D0-4BF3-9E19-9ABAE047E61A}.Debug|Any CPU.Build.0 = Debug|Any CPU
		{41E15363-12D0-4BF3-9E19-9ABAE047E61A}.Release|Any CPU.ActiveCfg = Release|Any CPU
		{41E15363-12D0-4BF3-9E19-9ABAE047E61A}.Release|Any CPU.Build.0 = Release|Any CPU
		{73D62557-10A8-4D5C-B6C7-06FF1384EC04}.Debug|Any CPU.ActiveCfg = Debug|Any CPU
		{73D62557-10A8-4D5C-B6C7-06FF1384EC04}.Debug|Any CPU.Build.0 = Debug|Any CPU
		{73D62557-10A8-4D5C-B6C7-06FF1384EC04}.Release|Any CPU.ActiveCfg = Release|Any CPU
		{73D62557-10A8-4D5C-B6C7-06FF1384EC04}.Release|Any CPU.Build.0 = Release|Any CPU
		{0C7F6A19-35FC-4117-B1EC-74630ED60769}.Debug|Any CPU.ActiveCfg = Debug|Any CPU
		{0C7F6A19-35FC-4117-B1EC-74630ED60769}.Debug|Any CPU.Build.0 = Debug|Any CPU
		{0C7F6A19-35FC-4117-B1EC-74630ED60769}.Release|Any CPU.ActiveCfg = Release|Any CPU
		{0C7F6A19-35FC-4117-B1EC-74630ED60769}.Release|Any CPU.Build.0 = Release|Any CPU
		{E9923A5F-372A-49B4-AA36-214837A4FAC6}.Debug|Any CPU.ActiveCfg = Debug|Any CPU
		{E9923A5F-372A-49B4-AA36-214837A4FAC6}.Debug|Any CPU.Build.0 = Debug|Any CPU
		{E9923A5F-372A-49B4-AA36-214837A4FAC6}.Release|Any CPU.ActiveCfg = Release|Any CPU
		{E9923A5F-372A-49B4-AA36-214837A4FAC6}.Release|Any CPU.Build.0 = Release|Any CPU
		{C4EBD756-BF0F-4862-9BB4-36A50CF47851}.Debug|Any CPU.ActiveCfg = Debug|Any CPU
		{C4EBD756-BF0F-4862-9BB4-36A50CF47851}.Debug|Any CPU.Build.0 = Debug|Any CPU
		{C4EBD756-BF0F-4862-9BB4-36A50CF47851}.Release|Any CPU.ActiveCfg = Release|Any CPU
		{C4EBD756-BF0F-4862-9BB4-36A50CF47851}.Release|Any CPU.Build.0 = Release|Any CPU
		{CF93419F-01A0-4E3C-9F21-8DDD06C24DF9}.Debug|Any CPU.ActiveCfg = Debug|Any CPU
		{CF93419F-01A0-4E3C-9F21-8DDD06C24DF9}.Debug|Any CPU.Build.0 = Debug|Any CPU
		{CF93419F-01A0-4E3C-9F21-8DDD06C24DF9}.Release|Any CPU.ActiveCfg = Release|Any CPU
		{CF93419F-01A0-4E3C-9F21-8DDD06C24DF9}.Release|Any CPU.Build.0 = Release|Any CPU
		{2D35D7EB-9151-404E-94C9-D47F7FE05460}.Debug|Any CPU.ActiveCfg = Debug|Any CPU
		{2D35D7EB-9151-404E-94C9-D47F7FE05460}.Debug|Any CPU.Build.0 = Debug|Any CPU
		{2D35D7EB-9151-404E-94C9-D47F7FE05460}.Release|Any CPU.ActiveCfg = Release|Any CPU
		{2D35D7EB-9151-404E-94C9-D47F7FE05460}.Release|Any CPU.Build.0 = Release|Any CPU
		{01CFE0FD-A242-4CDD-BDBB-2A9E11559E46}.Debug|Any CPU.ActiveCfg = Debug|Any CPU
		{01CFE0FD-A242-4CDD-BDBB-2A9E11559E46}.Debug|Any CPU.Build.0 = Debug|Any CPU
		{01CFE0FD-A242-4CDD-BDBB-2A9E11559E46}.Release|Any CPU.ActiveCfg = Release|Any CPU
		{01CFE0FD-A242-4CDD-BDBB-2A9E11559E46}.Release|Any CPU.Build.0 = Release|Any CPU
		{D18F7C41-66ED-4CDB-A7CE-EAB2C982885A}.Debug|Any CPU.ActiveCfg = Debug|Any CPU
		{D18F7C41-66ED-4CDB-A7CE-EAB2C982885A}.Debug|Any CPU.Build.0 = Debug|Any CPU
		{D18F7C41-66ED-4CDB-A7CE-EAB2C982885A}.Release|Any CPU.ActiveCfg = Release|Any CPU
		{D18F7C41-66ED-4CDB-A7CE-EAB2C982885A}.Release|Any CPU.Build.0 = Release|Any CPU
		{E38B92CE-D8EB-44C1-8F8E-FA5816F31B09}.Debug|Any CPU.ActiveCfg = Debug|Any CPU
		{E38B92CE-D8EB-44C1-8F8E-FA5816F31B09}.Debug|Any CPU.Build.0 = Debug|Any CPU
		{E38B92CE-D8EB-44C1-8F8E-FA5816F31B09}.Release|Any CPU.ActiveCfg = Release|Any CPU
		{E38B92CE-D8EB-44C1-8F8E-FA5816F31B09}.Release|Any CPU.Build.0 = Release|Any CPU
		{B6B13688-B673-4CD5-83F8-CD1478D35B91}.Debug|Any CPU.ActiveCfg = Debug|Any CPU
		{B6B13688-B673-4CD5-83F8-CD1478D35B91}.Debug|Any CPU.Build.0 = Debug|Any CPU
		{B6B13688-B673-4CD5-83F8-CD1478D35B91}.Release|Any CPU.ActiveCfg = Release|Any CPU
		{B6B13688-B673-4CD5-83F8-CD1478D35B91}.Release|Any CPU.Build.0 = Release|Any CPU
		{39ECF68F-4184-4D9F-BB15-A6FB7889986F}.Debug|Any CPU.ActiveCfg = Debug|Any CPU
		{39ECF68F-4184-4D9F-BB15-A6FB7889986F}.Debug|Any CPU.Build.0 = Debug|Any CPU
		{39ECF68F-4184-4D9F-BB15-A6FB7889986F}.Release|Any CPU.ActiveCfg = Release|Any CPU
		{39ECF68F-4184-4D9F-BB15-A6FB7889986F}.Release|Any CPU.Build.0 = Release|Any CPU
	EndGlobalSection
	GlobalSection(SolutionProperties) = preSolution
		HideSolutionNode = FALSE
	EndGlobalSection
	GlobalSection(NestedProjects) = preSolution
		{D2569103-5CCD-4BCC-8B5B-D9F4E6C1BA1D} = {BF928F08-CB60-41F8-A289-ACF17B8B71BA}
		{6F2A915B-6325-44FD-82FC-FB09C36E61BF} = {A8A27082-CF4E-4C5F-BBF6-BF2D9A228FF6}
		{41E15363-12D0-4BF3-9E19-9ABAE047E61A} = {A8A27082-CF4E-4C5F-BBF6-BF2D9A228FF6}
		{73D62557-10A8-4D5C-B6C7-06FF1384EC04} = {A8A27082-CF4E-4C5F-BBF6-BF2D9A228FF6}
		{0C7F6A19-35FC-4117-B1EC-74630ED60769} = {5630CE7A-4000-4D30-8357-0E29027CA4C9}
		{E9923A5F-372A-49B4-AA36-214837A4FAC6} = {5630CE7A-4000-4D30-8357-0E29027CA4C9}
		{C4EBD756-BF0F-4862-9BB4-36A50CF47851} = {5630CE7A-4000-4D30-8357-0E29027CA4C9}
		{CF93419F-01A0-4E3C-9F21-8DDD06C24DF9} = {5630CE7A-4000-4D30-8357-0E29027CA4C9}
		{2D35D7EB-9151-404E-94C9-D47F7FE05460} = {91E436CC-3801-4E87-B107-7C1704A5D178}
		{01CFE0FD-A242-4CDD-BDBB-2A9E11559E46} = {91E436CC-3801-4E87-B107-7C1704A5D178}
		{D18F7C41-66ED-4CDB-A7CE-EAB2C982885A} = {91E436CC-3801-4E87-B107-7C1704A5D178}
		{E38B92CE-D8EB-44C1-8F8E-FA5816F31B09} = {84A77EC9-F016-4D30-8B46-6265A2486EB2}
		{B6B13688-B673-4CD5-83F8-CD1478D35B91} = {93967D56-2CEE-4236-9486-7D04DE932451}
		{39ECF68F-4184-4D9F-BB15-A6FB7889986F} = {3B5592E6-96A9-4A24-8932-10E7A1A1A070}
	EndGlobalSection
	GlobalSection(ExtensibilityGlobals) = postSolution
		SolutionGuid = {D1A8C5B3-9350-4C90-9720-B63A1165C9FE}
	EndGlobalSection
EndGlobal
